
Microsoft Visual Studio Solution File, Format Version 12.00
# Visual Studio Version 17
VisualStudioVersion = 17.7.34031.279
MinimumVisualStudioVersion = 10.0.40219.1
Project("{9A19103F-16F7-4668-BE54-9A1E7A4F7556}") = "Sander_CheckPoint2App1", "Sander_CheckPoint2App1\Sander_CheckPoint2App1.csproj", "{8BF20804-7900-43C1-AD17-3913B6A2E099}"
EndProject
Project("{FAE04EC0-301F-11D3-BF4B-00C04F79EFBC}") = "Sander_CheckPoint2App1.TestUnit", "Sander_CheckPoint2App1.TestUnit\Sander_CheckPoint2App1.TestUnit.csproj", "{BF2CDD23-7604-43E1-AB41-6AB6E4BFC630}"
EndProject
Global
	GlobalSection(SolutionConfigurationPlatforms) = preSolution
		Debug|Any CPU = Debug|Any CPU
		Release|Any CPU = Release|Any CPU
	EndGlobalSection
	GlobalSection(ProjectConfigurationPlatforms) = postSolution
		{8BF20804-7900-43C1-AD17-3913B6A2E099}.Debug|Any CPU.ActiveCfg = Debug|Any CPU
		{8BF20804-7900-43C1-AD17-3913B6A2E099}.Debug|Any CPU.Build.0 = Debug|Any CPU
		{8BF20804-7900-43C1-AD17-3913B6A2E099}.Release|Any CPU.ActiveCfg = Release|Any CPU
		{8BF20804-7900-43C1-AD17-3913B6A2E099}.Release|Any CPU.Build.0 = Release|Any CPU
		{BF2CDD23-7604-43E1-AB41-6AB6E4BFC630}.Debug|Any CPU.ActiveCfg = Debug|Any CPU
		{BF2CDD23-7604-43E1-AB41-6AB6E4BFC630}.Debug|Any CPU.Build.0 = Debug|Any CPU
		{BF2CDD23-7604-43E1-AB41-6AB6E4BFC630}.Release|Any CPU.ActiveCfg = Release|Any CPU
		{BF2CDD23-7604-43E1-AB41-6AB6E4BFC630}.Release|Any CPU.Build.0 = Release|Any CPU
	EndGlobalSection
	GlobalSection(SolutionProperties) = preSolution
		HideSolutionNode = FALSE
	EndGlobalSection
	GlobalSection(ExtensibilityGlobals) = postSolution
		SolutionGuid = {03639AAB-3E66-44D9-8F29-95E96205784C}
	EndGlobalSection
EndGlobal
